// !$*UTF8*$!
{
	archiveVersion = 1;
	classes = {
	};
	objectVersion = 46;
	objects = {

/* Begin PBXBuildFile section */
		8F565B401B890C900040B538 /* AlbumsAddViewController.swift in Sources */ = {isa = PBXBuildFile; fileRef = 8F565B3F1B890C900040B538 /* AlbumsAddViewController.swift */; };
		8F565B421B894B210040B538 /* AlbumsSingleViewController.swift in Sources */ = {isa = PBXBuildFile; fileRef = 8F565B411B894B210040B538 /* AlbumsSingleViewController.swift */; };
		8F565B4A1B8A79450040B538 /* StoreRootViewController.swift in Sources */ = {isa = PBXBuildFile; fileRef = 8F565B491B8A79450040B538 /* StoreRootViewController.swift */; };
		8F565B4C1B8A83DA0040B538 /* StoreDetailViewController.swift in Sources */ = {isa = PBXBuildFile; fileRef = 8F565B4B1B8A83DA0040B538 /* StoreDetailViewController.swift */; };
		8F7978E51B86CB3C00C76EF3 /* AppDelegate.swift in Sources */ = {isa = PBXBuildFile; fileRef = 8F7978E41B86CB3C00C76EF3 /* AppDelegate.swift */; };
		8F7978E71B86CB3C00C76EF3 /* ViewController.swift in Sources */ = {isa = PBXBuildFile; fileRef = 8F7978E61B86CB3C00C76EF3 /* ViewController.swift */; };
		8F7978EA1B86CB3C00C76EF3 /* Main.storyboard in Resources */ = {isa = PBXBuildFile; fileRef = 8F7978E81B86CB3C00C76EF3 /* Main.storyboard */; };
		8F7978EC1B86CB3C00C76EF3 /* Images.xcassets in Resources */ = {isa = PBXBuildFile; fileRef = 8F7978EB1B86CB3C00C76EF3 /* Images.xcassets */; };
		8F7978EF1B86CB3C00C76EF3 /* LaunchScreen.xib in Resources */ = {isa = PBXBuildFile; fileRef = 8F7978ED1B86CB3C00C76EF3 /* LaunchScreen.xib */; };
		8F7978FB1B86CB3C00C76EF3 /* canvasTests.swift in Sources */ = {isa = PBXBuildFile; fileRef = 8F7978FA1B86CB3C00C76EF3 /* canvasTests.swift */; };
		8F7979051B86D7E200C76EF3 /* AlbumsCollectionViewController.swift in Sources */ = {isa = PBXBuildFile; fileRef = 8F7979041B86D7E200C76EF3 /* AlbumsCollectionViewController.swift */; };
		8F7979071B86E6B100C76EF3 /* AlbumsCollectionViewCell.swift in Sources */ = {isa = PBXBuildFile; fileRef = 8F7979061B86E6B100C76EF3 /* AlbumsCollectionViewCell.swift */; };
/* End PBXBuildFile section */

/* Begin PBXContainerItemProxy section */
		8F7978F51B86CB3C00C76EF3 /* PBXContainerItemProxy */ = {
			isa = PBXContainerItemProxy;
			containerPortal = 8F7978D71B86CB3C00C76EF3 /* Project object */;
			proxyType = 1;
			remoteGlobalIDString = 8F7978DE1B86CB3C00C76EF3;
			remoteInfo = canvas;
		};
/* End PBXContainerItemProxy section */

/* Begin PBXFileReference section */
		8F565B3F1B890C900040B538 /* AlbumsAddViewController.swift */ = {isa = PBXFileReference; fileEncoding = 4; lastKnownFileType = sourcecode.swift; path = AlbumsAddViewController.swift; sourceTree = "<group>"; };
		8F565B411B894B210040B538 /* AlbumsSingleViewController.swift */ = {isa = PBXFileReference; fileEncoding = 4; lastKnownFileType = sourcecode.swift; path = AlbumsSingleViewController.swift; sourceTree = "<group>"; };
		8F565B491B8A79450040B538 /* StoreRootViewController.swift */ = {isa = PBXFileReference; fileEncoding = 4; lastKnownFileType = sourcecode.swift; path = StoreRootViewController.swift; sourceTree = "<group>"; };
		8F565B4B1B8A83DA0040B538 /* StoreDetailViewController.swift */ = {isa = PBXFileReference; fileEncoding = 4; lastKnownFileType = sourcecode.swift; path = StoreDetailViewController.swift; sourceTree = "<group>"; };
		8F7978DF1B86CB3C00C76EF3 /* canvas.app */ = {isa = PBXFileReference; explicitFileType = wrapper.application; includeInIndex = 0; path = canvas.app; sourceTree = BUILT_PRODUCTS_DIR; };
		8F7978E31B86CB3C00C76EF3 /* Info.plist */ = {isa = PBXFileReference; lastKnownFileType = text.plist.xml; path = Info.plist; sourceTree = "<group>"; };
		8F7978E41B86CB3C00C76EF3 /* AppDelegate.swift */ = {isa = PBXFileReference; lastKnownFileType = sourcecode.swift; path = AppDelegate.swift; sourceTree = "<group>"; };
		8F7978E61B86CB3C00C76EF3 /* ViewController.swift */ = {isa = PBXFileReference; lastKnownFileType = sourcecode.swift; path = ViewController.swift; sourceTree = "<group>"; };
		8F7978E91B86CB3C00C76EF3 /* Base */ = {isa = PBXFileReference; lastKnownFileType = file.storyboard; name = Base; path = Base.lproj/Main.storyboard; sourceTree = "<group>"; };
		8F7978EB1B86CB3C00C76EF3 /* Images.xcassets */ = {isa = PBXFileReference; lastKnownFileType = folder.assetcatalog; path = Images.xcassets; sourceTree = "<group>"; };
		8F7978EE1B86CB3C00C76EF3 /* Base */ = {isa = PBXFileReference; lastKnownFileType = file.xib; name = Base; path = Base.lproj/LaunchScreen.xib; sourceTree = "<group>"; };
		8F7978F41B86CB3C00C76EF3 /* canvasTests.xctest */ = {isa = PBXFileReference; explicitFileType = wrapper.cfbundle; includeInIndex = 0; path = canvasTests.xctest; sourceTree = BUILT_PRODUCTS_DIR; };
		8F7978F91B86CB3C00C76EF3 /* Info.plist */ = {isa = PBXFileReference; lastKnownFileType = text.plist.xml; path = Info.plist; sourceTree = "<group>"; };
		8F7978FA1B86CB3C00C76EF3 /* canvasTests.swift */ = {isa = PBXFileReference; lastKnownFileType = sourcecode.swift; path = canvasTests.swift; sourceTree = "<group>"; };
		8F7979041B86D7E200C76EF3 /* AlbumsCollectionViewController.swift */ = {isa = PBXFileReference; fileEncoding = 4; lastKnownFileType = sourcecode.swift; path = AlbumsCollectionViewController.swift; sourceTree = "<group>"; };
		8F7979061B86E6B100C76EF3 /* AlbumsCollectionViewCell.swift */ = {isa = PBXFileReference; fileEncoding = 4; lastKnownFileType = sourcecode.swift; path = AlbumsCollectionViewCell.swift; sourceTree = "<group>"; };
/* End PBXFileReference section */

/* Begin PBXFrameworksBuildPhase section */
		8F7978DC1B86CB3C00C76EF3 /* Frameworks */ = {
			isa = PBXFrameworksBuildPhase;
			buildActionMask = 2147483647;
			files = (
			);
			runOnlyForDeploymentPostprocessing = 0;
		};
		8F7978F11B86CB3C00C76EF3 /* Frameworks */ = {
			isa = PBXFrameworksBuildPhase;
			buildActionMask = 2147483647;
			files = (
			);
			runOnlyForDeploymentPostprocessing = 0;
		};
/* End PBXFrameworksBuildPhase section */

/* Begin PBXGroup section */
		8F7978D61B86CB3C00C76EF3 = {
			isa = PBXGroup;
			children = (
				8F7978E11B86CB3C00C76EF3 /* canvas */,
				8F7978F71B86CB3C00C76EF3 /* canvasTests */,
				8F7978E01B86CB3C00C76EF3 /* Products */,
			);
			sourceTree = "<group>";
		};
		8F7978E01B86CB3C00C76EF3 /* Products */ = {
			isa = PBXGroup;
			children = (
				8F7978DF1B86CB3C00C76EF3 /* canvas.app */,
				8F7978F41B86CB3C00C76EF3 /* canvasTests.xctest */,
			);
			name = Products;
			sourceTree = "<group>";
		};
		8F7978E11B86CB3C00C76EF3 /* canvas */ = {
			isa = PBXGroup;
			children = (
				8F7978E41B86CB3C00C76EF3 /* AppDelegate.swift */,
				8F7978E61B86CB3C00C76EF3 /* ViewController.swift */,
				8F7978E81B86CB3C00C76EF3 /* Main.storyboard */,
				8F565B4B1B8A83DA0040B538 /* StoreDetailViewController.swift */,
				8F565B491B8A79450040B538 /* StoreRootViewController.swift */,
				8F565B411B894B210040B538 /* AlbumsSingleViewController.swift */,
				8F7979061B86E6B100C76EF3 /* AlbumsCollectionViewCell.swift */,
				8F7979041B86D7E200C76EF3 /* AlbumsCollectionViewController.swift */,
				8F565B3F1B890C900040B538 /* AlbumsAddViewController.swift */,
				8F7978EB1B86CB3C00C76EF3 /* Images.xcassets */,
				8F7978ED1B86CB3C00C76EF3 /* LaunchScreen.xib */,
				8F7978E21B86CB3C00C76EF3 /* Supporting Files */,
			);
			path = canvas;
			sourceTree = "<group>";
		};
		8F7978E21B86CB3C00C76EF3 /* Supporting Files */ = {
			isa = PBXGroup;
			children = (
				8F7978E31B86CB3C00C76EF3 /* Info.plist */,
			);
			name = "Supporting Files";
			sourceTree = "<group>";
		};
		8F7978F71B86CB3C00C76EF3 /* canvasTests */ = {
			isa = PBXGroup;
			children = (
				8F7978FA1B86CB3C00C76EF3 /* canvasTests.swift */,
				8F7978F81B86CB3C00C76EF3 /* Supporting Files */,
			);
			path = canvasTests;
			sourceTree = "<group>";
		};
		8F7978F81B86CB3C00C76EF3 /* Supporting Files */ = {
			isa = PBXGroup;
			children = (
				8F7978F91B86CB3C00C76EF3 /* Info.plist */,
			);
			name = "Supporting Files";
			sourceTree = "<group>";
		};
/* End PBXGroup section */

/* Begin PBXNativeTarget section */
		8F7978DE1B86CB3C00C76EF3 /* canvas */ = {
			isa = PBXNativeTarget;
			buildConfigurationList = 8F7978FE1B86CB3C00C76EF3 /* Build configuration list for PBXNativeTarget "canvas" */;
			buildPhases = (
				8F7978DB1B86CB3C00C76EF3 /* Sources */,
				8F7978DC1B86CB3C00C76EF3 /* Frameworks */,
				8F7978DD1B86CB3C00C76EF3 /* Resources */,
			);
			buildRules = (
			);
			dependencies = (
			);
			name = canvas;
			productName = canvas;
			productReference = 8F7978DF1B86CB3C00C76EF3 /* canvas.app */;
			productType = "com.apple.product-type.application";
		};
		8F7978F31B86CB3C00C76EF3 /* canvasTests */ = {
			isa = PBXNativeTarget;
			buildConfigurationList = 8F7979011B86CB3C00C76EF3 /* Build configuration list for PBXNativeTarget "canvasTests" */;
			buildPhases = (
				8F7978F01B86CB3C00C76EF3 /* Sources */,
				8F7978F11B86CB3C00C76EF3 /* Frameworks */,
				8F7978F21B86CB3C00C76EF3 /* Resources */,
			);
			buildRules = (
			);
			dependencies = (
				8F7978F61B86CB3C00C76EF3 /* PBXTargetDependency */,
			);
			name = canvasTests;
			productName = canvasTests;
			productReference = 8F7978F41B86CB3C00C76EF3 /* canvasTests.xctest */;
			productType = "com.apple.product-type.bundle.unit-test";
		};
/* End PBXNativeTarget section */

/* Begin PBXProject section */
		8F7978D71B86CB3C00C76EF3 /* Project object */ = {
			isa = PBXProject;
			attributes = {
				LastUpgradeCheck = 0640;
				ORGANIZATIONNAME = "Canvas Electronic";
				TargetAttributes = {
					8F7978DE1B86CB3C00C76EF3 = {
						CreatedOnToolsVersion = 6.4;
						DevelopmentTeam = J49LYQEK2Q;
					};
					8F7978F31B86CB3C00C76EF3 = {
						CreatedOnToolsVersion = 6.4;
						TestTargetID = 8F7978DE1B86CB3C00C76EF3;
					};
				};
			};
			buildConfigurationList = 8F7978DA1B86CB3C00C76EF3 /* Build configuration list for PBXProject "canvas" */;
			compatibilityVersion = "Xcode 3.2";
			developmentRegion = English;
			hasScannedForEncodings = 0;
			knownRegions = (
				en,
				Base,
			);
			mainGroup = 8F7978D61B86CB3C00C76EF3;
			productRefGroup = 8F7978E01B86CB3C00C76EF3 /* Products */;
			projectDirPath = "";
			projectRoot = "";
			targets = (
				8F7978DE1B86CB3C00C76EF3 /* canvas */,
				8F7978F31B86CB3C00C76EF3 /* canvasTests */,
			);
		};
/* End PBXProject section */

/* Begin PBXResourcesBuildPhase section */
		8F7978DD1B86CB3C00C76EF3 /* Resources */ = {
			isa = PBXResourcesBuildPhase;
			buildActionMask = 2147483647;
			files = (
				8F7978EA1B86CB3C00C76EF3 /* Main.storyboard in Resources */,
				8F7978EF1B86CB3C00C76EF3 /* LaunchScreen.xib in Resources */,
				8F7978EC1B86CB3C00C76EF3 /* Images.xcassets in Resources */,
			);
			runOnlyForDeploymentPostprocessing = 0;
		};
		8F7978F21B86CB3C00C76EF3 /* Resources */ = {
			isa = PBXResourcesBuildPhase;
			buildActionMask = 2147483647;
			files = (
			);
			runOnlyForDeploymentPostprocessing = 0;
		};
/* End PBXResourcesBuildPhase section */

/* Begin PBXSourcesBuildPhase section */
		8F7978DB1B86CB3C00C76EF3 /* Sources */ = {
			isa = PBXSourcesBuildPhase;
			buildActionMask = 2147483647;
			files = (
				8F565B4A1B8A79450040B538 /* StoreRootViewController.swift in Sources */,
				8F565B4C1B8A83DA0040B538 /* StoreDetailViewController.swift in Sources */,
				8F7979071B86E6B100C76EF3 /* AlbumsCollectionViewCell.swift in Sources */,
				8F7978E71B86CB3C00C76EF3 /* ViewController.swift in Sources */,
				8F565B401B890C900040B538 /* AlbumsAddViewController.swift in Sources */,
				8F7978E51B86CB3C00C76EF3 /* AppDelegate.swift in Sources */,
				8F565B421B894B210040B538 /* AlbumsSingleViewController.swift in Sources */,
				8F7979051B86D7E200C76EF3 /* AlbumsCollectionViewController.swift in Sources */,
			);
			runOnlyForDeploymentPostprocessing = 0;
		};
		8F7978F01B86CB3C00C76EF3 /* Sources */ = {
			isa = PBXSourcesBuildPhase;
			buildActionMask = 2147483647;
			files = (
				8F7978FB1B86CB3C00C76EF3 /* canvasTests.swift in Sources */,
			);
			runOnlyForDeploymentPostprocessing = 0;
		};
/* End PBXSourcesBuildPhase section */

/* Begin PBXTargetDependency section */
		8F7978F61B86CB3C00C76EF3 /* PBXTargetDependency */ = {
			isa = PBXTargetDependency;
			target = 8F7978DE1B86CB3C00C76EF3 /* canvas */;
			targetProxy = 8F7978F51B86CB3C00C76EF3 /* PBXContainerItemProxy */;
		};
/* End PBXTargetDependency section */

/* Begin PBXVariantGroup section */
		8F7978E81B86CB3C00C76EF3 /* Main.storyboard */ = {
			isa = PBXVariantGroup;
			children = (
				8F7978E91B86CB3C00C76EF3 /* Base */,
			);
			name = Main.storyboard;
			sourceTree = "<group>";
		};
		8F7978ED1B86CB3C00C76EF3 /* LaunchScreen.xib */ = {
			isa = PBXVariantGroup;
			children = (
				8F7978EE1B86CB3C00C76EF3 /* Base */,
			);
			name = LaunchScreen.xib;
			sourceTree = "<group>";
		};
/* End PBXVariantGroup section */

/* Begin XCBuildConfiguration section */
		8F7978FC1B86CB3C00C76EF3 /* Debug */ = {
			isa = XCBuildConfiguration;
			buildSettings = {
				ALWAYS_SEARCH_USER_PATHS = NO;
				CLANG_CXX_LANGUAGE_STANDARD = "gnu++0x";
				CLANG_CXX_LIBRARY = "libc++";
				CLANG_ENABLE_MODULES = YES;
				CLANG_ENABLE_OBJC_ARC = YES;
				CLANG_WARN_BOOL_CONVERSION = YES;
				CLANG_WARN_CONSTANT_CONVERSION = YES;
				CLANG_WARN_DIRECT_OBJC_ISA_USAGE = YES_ERROR;
				CLANG_WARN_EMPTY_BODY = YES;
				CLANG_WARN_ENUM_CONVERSION = YES;
				CLANG_WARN_INT_CONVERSION = YES;
				CLANG_WARN_OBJC_ROOT_CLASS = YES_ERROR;
				CLANG_WARN_UNREACHABLE_CODE = YES;
				CLANG_WARN__DUPLICATE_METHOD_MATCH = YES;
				"CODE_SIGN_IDENTITY[sdk=iphoneos*]" = "iPhone Developer";
				COPY_PHASE_STRIP = NO;
				DEBUG_INFORMATION_FORMAT = "dwarf-with-dsym";
				ENABLE_STRICT_OBJC_MSGSEND = YES;
				GCC_C_LANGUAGE_STANDARD = gnu99;
				GCC_DYNAMIC_NO_PIC = NO;
				GCC_NO_COMMON_BLOCKS = YES;
				GCC_OPTIMIZATION_LEVEL = 0;
				GCC_PREPROCESSOR_DEFINITIONS = (
					"DEBUG=1",
					"$(inherited)",
				);
				GCC_SYMBOLS_PRIVATE_EXTERN = NO;
				GCC_WARN_64_TO_32_BIT_CONVERSION = YES;
				GCC_WARN_ABOUT_RETURN_TYPE = YES_ERROR;
				GCC_WARN_UNDECLARED_SELECTOR = YES;
				GCC_WARN_UNINITIALIZED_AUTOS = YES_AGGRESSIVE;
				GCC_WARN_UNUSED_FUNCTION = YES;
				GCC_WARN_UNUSED_VARIABLE = YES;
				IPHONEOS_DEPLOYMENT_TARGET = 8.4;
				MTL_ENABLE_DEBUG_INFO = YES;
				ONLY_ACTIVE_ARCH = YES;
				SDKROOT = iphoneos;
				SWIFT_OPTIMIZATION_LEVEL = "-Onone";
				TARGETED_DEVICE_FAMILY = "1,2";
			};
			name = Debug;
		};
		8F7978FD1B86CB3C00C76EF3 /* Release */ = {
			isa = XCBuildConfiguration;
			buildSettings = {
				ALWAYS_SEARCH_USER_PATHS = NO;
				CLANG_CXX_LANGUAGE_STANDARD = "gnu++0x";
				CLANG_CXX_LIBRARY = "libc++";
				CLANG_ENABLE_MODULES = YES;
				CLANG_ENABLE_OBJC_ARC = YES;
				CLANG_WARN_BOOL_CONVERSION = YES;
				CLANG_WARN_CONSTANT_CONVERSION = YES;
				CLANG_WARN_DIRECT_OBJC_ISA_USAGE = YES_ERROR;
				CLANG_WARN_EMPTY_BODY = YES;
				CLANG_WARN_ENUM_CONVERSION = YES;
				CLANG_WARN_INT_CONVERSION = YES;
				CLANG_WARN_OBJC_ROOT_CLASS = YES_ERROR;
				CLANG_WARN_UNREACHABLE_CODE = YES;
				CLANG_WARN__DUPLICATE_METHOD_MATCH = YES;
				"CODE_SIGN_IDENTITY[sdk=iphoneos*]" = "iPhone Developer";
				COPY_PHASE_STRIP = NO;
				DEBUG_INFORMATION_FORMAT = "dwarf-with-dsym";
				ENABLE_NS_ASSERTIONS = NO;
				ENABLE_STRICT_OBJC_MSGSEND = YES;
				GCC_C_LANGUAGE_STANDARD = gnu99;
				GCC_NO_COMMON_BLOCKS = YES;
				GCC_WARN_64_TO_32_BIT_CONVERSION = YES;
				GCC_WARN_ABOUT_RETURN_TYPE = YES_ERROR;
				GCC_WARN_UNDECLARED_SELECTOR = YES;
				GCC_WARN_UNINITIALIZED_AUTOS = YES_AGGRESSIVE;
				GCC_WARN_UNUSED_FUNCTION = YES;
				GCC_WARN_UNUSED_VARIABLE = YES;
				IPHONEOS_DEPLOYMENT_TARGET = 8.4;
				MTL_ENABLE_DEBUG_INFO = NO;
				SDKROOT = iphoneos;
				TARGETED_DEVICE_FAMILY = "1,2";
				VALIDATE_PRODUCT = YES;
			};
			name = Release;
		};
		8F7978FF1B86CB3C00C76EF3 /* Debug */ = {
			isa = XCBuildConfiguration;
			buildSettings = {
				ASSETCATALOG_COMPILER_APPICON_NAME = AppIcon;
				CODE_SIGN_IDENTITY = "iPhone Developer";
				"CODE_SIGN_IDENTITY[sdk=iphoneos*]" = "iPhone Developer";
				INFOPLIST_FILE = canvas/Info.plist;
				LD_RUNPATH_SEARCH_PATHS = "$(inherited) @executable_path/Frameworks";
				PRODUCT_NAME = "$(TARGET_NAME)";
				PROVISIONING_PROFILE = "";
			};
			name = Debug;
		};
		8F7979001B86CB3C00C76EF3 /* Release */ = {
			isa = XCBuildConfiguration;
			buildSettings = {
				ASSETCATALOG_COMPILER_APPICON_NAME = AppIcon;
				CODE_SIGN_IDENTITY = "iPhone Developer";
				"CODE_SIGN_IDENTITY[sdk=iphoneos*]" = "iPhone Developer";
				INFOPLIST_FILE = canvas/Info.plist;
				LD_RUNPATH_SEARCH_PATHS = "$(inherited) @executable_path/Frameworks";
				PRODUCT_NAME = "$(TARGET_NAME)";
				PROVISIONING_PROFILE = "";
			};
			name = Release;
		};
		8F7979021B86CB3C00C76EF3 /* Debug */ = {
			isa = XCBuildConfiguration;
			buildSettings = {
				BUNDLE_LOADER = "$(TEST_HOST)";
				FRAMEWORK_SEARCH_PATHS = (
					"$(SDKROOT)/Developer/Library/Frameworks",
					"$(inherited)",
				);
				GCC_PREPROCESSOR_DEFINITIONS = (
					"DEBUG=1",
					"$(inherited)",
				);
				INFOPLIST_FILE = canvasTests/Info.plist;
				LD_RUNPATH_SEARCH_PATHS = "$(inherited) @executable_path/Frameworks @loader_path/Frameworks";
				PRODUCT_NAME = "$(TARGET_NAME)";
				TEST_HOST = "$(BUILT_PRODUCTS_DIR)/canvas.app/canvas";
			};
			name = Debug;
		};
		8F7979031B86CB3C00C76EF3 /* Release */ = {
			isa = XCBuildConfiguration;
			buildSettings = {
				BUNDLE_LOADER = "$(TEST_HOST)";
				FRAMEWORK_SEARCH_PATHS = (
					"$(SDKROOT)/Developer/Library/Frameworks",
					"$(inherited)",
				);
				INFOPLIST_FILE = canvasTests/Info.plist;
				LD_RUNPATH_SEARCH_PATHS = "$(inherited) @executable_path/Frameworks @loader_path/Frameworks";
				PRODUCT_NAME = "$(TARGET_NAME)";
				TEST_HOST = "$(BUILT_PRODUCTS_DIR)/canvas.app/canvas";
			};
			name = Release;
		};
/* End XCBuildConfiguration section */

/* Begin XCConfigurationList section */
		8F7978DA1B86CB3C00C76EF3 /* Build configuration list for PBXProject "canvas" */ = {
			isa = XCConfigurationList;
			buildConfigurations = (
				8F7978FC1B86CB3C00C76EF3 /* Debug */,
				8F7978FD1B86CB3C00C76EF3 /* Release */,
			);
			defaultConfigurationIsVisible = 0;
			defaultConfigurationName = Release;
		};
		8F7978FE1B86CB3C00C76EF3 /* Build configuration list for PBXNativeTarget "canvas" */ = {
			isa = XCConfigurationList;
			buildConfigurations = (
				8F7978FF1B86CB3C00C76EF3 /* Debug */,
				8F7979001B86CB3C00C76EF3 /* Release */,
			);
			defaultConfigurationIsVisible = 0;
			defaultConfigurationName = Release;
		};
		8F7979011B86CB3C00C76EF3 /* Build configuration list for PBXNativeTarget "canvasTests" */ = {
			isa = XCConfigurationList;
			buildConfigurations = (
				8F7979021B86CB3C00C76EF3 /* Debug */,
				8F7979031B86CB3C00C76EF3 /* Release */,
			);
			defaultConfigurationIsVisible = 0;
			defaultConfigurationName = Release;
		};
/* End XCConfigurationList section */
	};
	rootObject = 8F7978D71B86CB3C00C76EF3 /* Project object */;
}
